
Microsoft Visual Studio Solution File, Format Version 12.00
# Visual Studio Version 17
VisualStudioVersion = 17.7.34024.191
MinimumVisualStudioVersion = 10.0.40219.1
Project("{FAE04EC0-301F-11D3-BF4B-00C04F79EFBC}") = "Que3-1", "Que3-1.csproj", "{FF3051C8-634C-48EE-B7FD-F8666C8EFC24}"
EndProject
Global
	GlobalSection(SolutionConfigurationPlatforms) = preSolution
		Debug|Any CPU = Debug|Any CPU
		Release|Any CPU = Release|Any CPU
	EndGlobalSection
	GlobalSection(ProjectConfigurationPlatforms) = postSolution
		{FF3051C8-634C-48EE-B7FD-F8666C8EFC24}.Debug|Any CPU.ActiveCfg = Debug|Any CPU
		{FF3051C8-634C-48EE-B7FD-F8666C8EFC24}.Debug|Any CPU.Build.0 = Debug|Any CPU
		{FF3051C8-634C-48EE-B7FD-F8666C8EFC24}.Release|Any CPU.ActiveCfg = Release|Any CPU
		{FF3051C8-634C-48EE-B7FD-F8666C8EFC24}.Release|Any CPU.Build.0 = Release|Any CPU
	EndGlobalSection
	GlobalSection(SolutionProperties) = preSolution
		HideSolutionNode = FALSE
	EndGlobalSection
	GlobalSection(ExtensibilityGlobals) = postSolution
		SolutionGuid = {149DDA95-175F-4D0E-808D-97569FC272AB}
	EndGlobalSection
EndGlobal
