
Microsoft Visual Studio Solution File, Format Version 12.00
# Visual Studio Version 17
VisualStudioVersion = 17.7.34024.191
MinimumVisualStudioVersion = 10.0.40219.1
Project("{FAE04EC0-301F-11D3-BF4B-00C04F79EFBC}") = "Que7", "Que7.csproj", "{B7AFEB8F-79EA-4EFD-85CE-06CEE453D28C}"
EndProject
Global
	GlobalSection(SolutionConfigurationPlatforms) = preSolution
		Debug|Any CPU = Debug|Any CPU
		Release|Any CPU = Release|Any CPU
	EndGlobalSection
	GlobalSection(ProjectConfigurationPlatforms) = postSolution
		{B7AFEB8F-79EA-4EFD-85CE-06CEE453D28C}.Debug|Any CPU.ActiveCfg = Debug|Any CPU
		{B7AFEB8F-79EA-4EFD-85CE-06CEE453D28C}.Debug|Any CPU.Build.0 = Debug|Any CPU
		{B7AFEB8F-79EA-4EFD-85CE-06CEE453D28C}.Release|Any CPU.ActiveCfg = Release|Any CPU
		{B7AFEB8F-79EA-4EFD-85CE-06CEE453D28C}.Release|Any CPU.Build.0 = Release|Any CPU
	EndGlobalSection
	GlobalSection(SolutionProperties) = preSolution
		HideSolutionNode = FALSE
	EndGlobalSection
	GlobalSection(ExtensibilityGlobals) = postSolution
		SolutionGuid = {E015687F-18F9-423C-ACE6-3C054FE96C0A}
	EndGlobalSection
EndGlobal
