
Microsoft Visual Studio Solution File, Format Version 12.00
# Visual Studio Version 17
VisualStudioVersion = 17.7.34024.191
MinimumVisualStudioVersion = 10.0.40219.1
Project("{FAE04EC0-301F-11D3-BF4B-00C04F79EFBC}") = "Que1", "Que1.csproj", "{3BA19F7A-3989-4BFD-A2B7-6FB441C586EE}"
EndProject
Global
	GlobalSection(SolutionConfigurationPlatforms) = preSolution
		Debug|Any CPU = Debug|Any CPU
		Release|Any CPU = Release|Any CPU
	EndGlobalSection
	GlobalSection(ProjectConfigurationPlatforms) = postSolution
		{3BA19F7A-3989-4BFD-A2B7-6FB441C586EE}.Debug|Any CPU.ActiveCfg = Debug|Any CPU
		{3BA19F7A-3989-4BFD-A2B7-6FB441C586EE}.Debug|Any CPU.Build.0 = Debug|Any CPU
		{3BA19F7A-3989-4BFD-A2B7-6FB441C586EE}.Release|Any CPU.ActiveCfg = Release|Any CPU
		{3BA19F7A-3989-4BFD-A2B7-6FB441C586EE}.Release|Any CPU.Build.0 = Release|Any CPU
	EndGlobalSection
	GlobalSection(SolutionProperties) = preSolution
		HideSolutionNode = FALSE
	EndGlobalSection
	GlobalSection(ExtensibilityGlobals) = postSolution
		SolutionGuid = {CFBA9A70-04CF-44BD-B9DE-56814EF3A899}
	EndGlobalSection
EndGlobal
